
Microsoft Visual Studio Solution File, Format Version 12.00
# Visual Studio Version 17
VisualStudioVersion = 17.5.002.0
MinimumVisualStudioVersion = 10.0.40219.1
Project("{9A19103F-16F7-4668-BE54-9A1E7A4F7556}") = "UBetterSurplus", "UBetterSurplus.csproj", "{F1834EA4-9409-4383-9B6D-6926878D46BB}"
EndProject
Project("{FAE04EC0-301F-11D3-BF4B-00C04F79EFBC}") = "UBetterSurplusApiTest", "UBetterSurplusApiTest\UBetterSurplusApiTest.csproj", "{0BE13617-3F16-4F84-B91B-E061A5F21C69}"
EndProject
Global
	GlobalSection(SolutionConfigurationPlatforms) = preSolution
		Debug|Any CPU = Debug|Any CPU
		Release|Any CPU = Release|Any CPU
	EndGlobalSection
	GlobalSection(ProjectConfigurationPlatforms) = postSolution
		{F1834EA4-9409-4383-9B6D-6926878D46BB}.Debug|Any CPU.ActiveCfg = Debug|Any CPU
		{F1834EA4-9409-4383-9B6D-6926878D46BB}.Debug|Any CPU.Build.0 = Debug|Any CPU
		{F1834EA4-9409-4383-9B6D-6926878D46BB}.Release|Any CPU.ActiveCfg = Release|Any CPU
		{F1834EA4-9409-4383-9B6D-6926878D46BB}.Release|Any CPU.Build.0 = Release|Any CPU
		{0BE13617-3F16-4F84-B91B-E061A5F21C69}.Debug|Any CPU.ActiveCfg = Debug|Any CPU
		{0BE13617-3F16-4F84-B91B-E061A5F21C69}.Debug|Any CPU.Build.0 = Debug|Any CPU
		{0BE13617-3F16-4F84-B91B-E061A5F21C69}.Release|Any CPU.ActiveCfg = Release|Any CPU
		{0BE13617-3F16-4F84-B91B-E061A5F21C69}.Release|Any CPU.Build.0 = Release|Any CPU
	EndGlobalSection
	GlobalSection(SolutionProperties) = preSolution
		HideSolutionNode = FALSE
	EndGlobalSection
	GlobalSection(ExtensibilityGlobals) = postSolution
		SolutionGuid = {A6B29F26-DAA3-4F76-8592-F71B5D5CFF42}
	EndGlobalSection
EndGlobal
